Microsoft Visual Studio Solution File, Format Version 12.00
# Visual Studio Version 17
VisualStudioVersion = 17.0.31903.62
MinimumVisualStudioVersion = 10.0.40219.1

Project("{FAE04EC0-301F-11D3-BF4B-00C04F79EFBC}") = "TaxCalculatorApp", "TaxCalculatorApp\TaxCalculatorApp.csproj", "{1CD91338-4694-480D-AB66-09D016BC7106}"
EndProject
Project("{FAE04EC0-301F-11D3-BF4B-00C04F79EFBC}") = "TaxCalculatorTests", "TaxCalculatorTests\TaxCalculatorTests.csproj", "{037CC4AE-1DB3-46B1-8AD6-A1B1C2C2FC65}"
EndProject
Global
	GlobalSection(ProjectConfigurationPlatforms) = postSolution
		{1CD91338-4694-480D-AB66-09D016BC7106}.Tests|Any CPU.ActiveCfg = Tests|Any CPU
		{1CD91338-4694-480D-AB66-09D016BC7106}.Tests|Any CPU.Build.0 = Tests|Any CPU
		{037CC4AE-1DB3-46B1-8AD6-A1B1C2C2FC65}.Tests|Any CPU.ActiveCfg = Tests|Any CPU
		{037CC4AE-1DB3-46B1-8AD6-A1B1C2C2FC65}.Tests|Any CPU.Build.0 = Tests|Any CPU
	EndGlobalSection
	GlobalSection(SolutionConfigurationPlatforms) = preSolution
		Tests|Any CPU = Tests|Any CPU
	EndGlobalSection
EndGlobal
